
Microsoft Visual Studio Solution File, Format Version 12.00
# Visual Studio Version 17
VisualStudioVersion = 17.10.35013.160
MinimumVisualStudioVersion = 10.0.40219.1
Project("{FAE04EC0-301F-11D3-BF4B-00C04F79EFBC}") = "RPS-Game", "RPS-Game.csproj", "{1BED253D-3207-465C-9E3F-AB8E4C4C355B}"
EndProject
Global
	GlobalSection(SolutionConfigurationPlatforms) = preSolution
		Debug|Any CPU = Debug|Any CPU
		Release|Any CPU = Release|Any CPU
	EndGlobalSection
	GlobalSection(ProjectConfigurationPlatforms) = postSolution
		{1BED253D-3207-465C-9E3F-AB8E4C4C355B}.Debug|Any CPU.ActiveCfg = Debug|Any CPU
		{1BED253D-3207-465C-9E3F-AB8E4C4C355B}.Debug|Any CPU.Build.0 = Debug|Any CPU
		{1BED253D-3207-465C-9E3F-AB8E4C4C355B}.Release|Any CPU.ActiveCfg = Release|Any CPU
		{1BED253D-3207-465C-9E3F-AB8E4C4C355B}.Release|Any CPU.Build.0 = Release|Any CPU
	EndGlobalSection
	GlobalSection(SolutionProperties) = preSolution
		HideSolutionNode = FALSE
	EndGlobalSection
	GlobalSection(ExtensibilityGlobals) = postSolution
		SolutionGuid = {804CFD1E-86E7-4740-85AC-D18C6BBD0D08}
	EndGlobalSection
EndGlobal
